
Microsoft Visual Studio Solution File, Format Version 12.00
# Visual Studio 15
Project("{FAE04EC0-301F-11D3-BF4B-00C04F79EFBC}") = "Assembly-CSharp", "Assembly-CSharp.csproj", "{EF792299-55CF-B977-E599-F45A5859868A}"
EndProject
Project("{FAE04EC0-301F-11D3-BF4B-00C04F79EFBC}") = "Assembly-CSharp-Editor", "Assembly-CSharp-Editor.csproj", "{24EB2A32-D3EC-B034-AA7A-3C86391F9487}"
EndProject
Global
	GlobalSection(SolutionConfigurationPlatforms) = preSolution
		Debug|Any CPU = Debug|Any CPU
		Release|Any CPU = Release|Any CPU
	EndGlobalSection
	GlobalSection(ProjectConfigurationPlatforms) = postSolution
		{EF792299-55CF-B977-E599-F45A5859868A}.Debug|Any CPU.ActiveCfg = Debug|Any CPU
		{EF792299-55CF-B977-E599-F45A5859868A}.Debug|Any CPU.Build.0 = Debug|Any CPU
		{EF792299-55CF-B977-E599-F45A5859868A}.Release|Any CPU.ActiveCfg = Release|Any CPU
		{EF792299-55CF-B977-E599-F45A5859868A}.Release|Any CPU.Build.0 = Release|Any CPU
		{24EB2A32-D3EC-B034-AA7A-3C86391F9487}.Debug|Any CPU.ActiveCfg = Debug|Any CPU
		{24EB2A32-D3EC-B034-AA7A-3C86391F9487}.Debug|Any CPU.Build.0 = Debug|Any CPU
		{24EB2A32-D3EC-B034-AA7A-3C86391F9487}.Release|Any CPU.ActiveCfg = Release|Any CPU
		{24EB2A32-D3EC-B034-AA7A-3C86391F9487}.Release|Any CPU.Build.0 = Release|Any CPU
	EndGlobalSection
	GlobalSection(SolutionProperties) = preSolution
		HideSolutionNode = FALSE
	EndGlobalSection
EndGlobal
